// !$*UTF8*$!
{
	archiveVersion = 1;
	classes = {
	};
	objectVersion = 48;
	objects = {

/* Begin PBXBuildFile section */
		3B560439203E618C00CA1712 /* AppDelegate.swift in Sources */ = {isa = PBXBuildFile; fileRef = 3B560438203E618C00CA1712 /* AppDelegate.swift */; };
		3B56043B203E618D00CA1712 /* MapViewController.swift in Sources */ = {isa = PBXBuildFile; fileRef = 3B56043A203E618D00CA1712 /* MapViewController.swift */; };
		3B56043E203E618D00CA1712 /* Main.storyboard in Resources */ = {isa = PBXBuildFile; fileRef = 3B56043C203E618D00CA1712 /* Main.storyboard */; };
		3B560440203E618D00CA1712 /* Assets.xcassets in Resources */ = {isa = PBXBuildFile; fileRef = 3B56043F203E618D00CA1712 /* Assets.xcassets */; };
		3B560443203E618D00CA1712 /* LaunchScreen.storyboard in Resources */ = {isa = PBXBuildFile; fileRef = 3B560441203E618D00CA1712 /* LaunchScreen.storyboard */; };
		7D03787A16AFF8CC00DF34D0 /* Pods_PixelCityApp.framework in Frameworks */ = {isa = PBXBuildFile; fileRef = A58F219F96713741D421A961 /* Pods_PixelCityApp.framework */; };
/* End PBXBuildFile section */

/* Begin PBXFileReference section */
		3B560435203E618C00CA1712 /* PixelCityApp.app */ = {isa = PBXFileReference; explicitFileType = wrapper.application; includeInIndex = 0; path = PixelCityApp.app; sourceTree = BUILT_PRODUCTS_DIR; };
		3B560438203E618C00CA1712 /* AppDelegate.swift */ = {isa = PBXFileReference; lastKnownFileType = sourcecode.swift; path = AppDelegate.swift; sourceTree = "<group>"; };
		3B56043A203E618D00CA1712 /* MapViewController.swift */ = {isa = PBXFileReference; lastKnownFileType = sourcecode.swift; path = MapViewController.swift; sourceTree = "<group>"; };
		3B56043D203E618D00CA1712 /* Base */ = {isa = PBXFileReference; lastKnownFileType = file.storyboard; name = Base; path = Base.lproj/Main.storyboard; sourceTree = "<group>"; };
		3B56043F203E618D00CA1712 /* Assets.xcassets */ = {isa = PBXFileReference; lastKnownFileType = folder.assetcatalog; path = Assets.xcassets; sourceTree = "<group>"; };
		3B560442203E618D00CA1712 /* Base */ = {isa = PBXFileReference; lastKnownFileType = file.storyboard; name = Base; path = Base.lproj/LaunchScreen.storyboard; sourceTree = "<group>"; };
		3B560444203E618D00CA1712 /* Info.plist */ = {isa = PBXFileReference; lastKnownFileType = text.plist.xml; path = Info.plist; sourceTree = "<group>"; };
		65793B9C2F19D08A65F2E1FE /* Pods-PixelCityApp.release.xcconfig */ = {isa = PBXFileReference; includeInIndex = 1; lastKnownFileType = text.xcconfig; name = "Pods-PixelCityApp.release.xcconfig"; path = "Pods/Target Support Files/Pods-PixelCityApp/Pods-PixelCityApp.release.xcconfig"; sourceTree = "<group>"; };
		A58F219F96713741D421A961 /* Pods_PixelCityApp.framework */ = {isa = PBXFileReference; explicitFileType = wrapper.framework; includeInIndex = 0; path = Pods_PixelCityApp.framework; sourceTree = BUILT_PRODUCTS_DIR; };
		D16D1079C9A96B8D9B8C7DC1 /* Pods-PixelCityApp.debug.xcconfig */ = {isa = PBXFileReference; includeInIndex = 1; lastKnownFileType = text.xcconfig; name = "Pods-PixelCityApp.debug.xcconfig"; path = "Pods/Target Support Files/Pods-PixelCityApp/Pods-PixelCityApp.debug.xcconfig"; sourceTree = "<group>"; };
/* End PBXFileReference section */

/* Begin PBXFrameworksBuildPhase section */
		3B560432203E618C00CA1712 /* Frameworks */ = {
			isa = PBXFrameworksBuildPhase;
			buildActionMask = 2147483647;
			files = (
				7D03787A16AFF8CC00DF34D0 /* Pods_PixelCityApp.framework in Frameworks */,
			);
			runOnlyForDeploymentPostprocessing = 0;
		};
/* End PBXFrameworksBuildPhase section */

/* Begin PBXGroup section */
		123316C3C74E193105B3B853 /* Frameworks */ = {
			isa = PBXGroup;
			children = (
				A58F219F96713741D421A961 /* Pods_PixelCityApp.framework */,
			);
			name = Frameworks;
			sourceTree = "<group>";
		};
		3343E2ECE1BA276EF5BE4B1B /* Pods */ = {
			isa = PBXGroup;
			children = (
				D16D1079C9A96B8D9B8C7DC1 /* Pods-PixelCityApp.debug.xcconfig */,
				65793B9C2F19D08A65F2E1FE /* Pods-PixelCityApp.release.xcconfig */,
			);
			name = Pods;
			sourceTree = "<group>";
		};
		3B56042C203E618C00CA1712 = {
			isa = PBXGroup;
			children = (
				3B560437203E618C00CA1712 /* PixelCityApp */,
				3B560436203E618C00CA1712 /* Products */,
				3343E2ECE1BA276EF5BE4B1B /* Pods */,
				123316C3C74E193105B3B853 /* Frameworks */,
			);
			sourceTree = "<group>";
		};
		3B560436203E618C00CA1712 /* Products */ = {
			isa = PBXGroup;
			children = (
				3B560435203E618C00CA1712 /* PixelCityApp.app */,
			);
			name = Products;
			sourceTree = "<group>";
		};
		3B560437203E618C00CA1712 /* PixelCityApp */ = {
			isa = PBXGroup;
			children = (
				3B56044D203E620300CA1712 /* Utilities */,
				3B56044C203E61F200CA1712 /* Extensions */,
				3B56044B203E61EB00CA1712 /* View */,
				3B56044A203E61DB00CA1712 /* Controller */,
				3B560438203E618C00CA1712 /* AppDelegate.swift */,
				3B56043C203E618D00CA1712 /* Main.storyboard */,
				3B56043F203E618D00CA1712 /* Assets.xcassets */,
				3B560441203E618D00CA1712 /* LaunchScreen.storyboard */,
				3B560444203E618D00CA1712 /* Info.plist */,
			);
			path = PixelCityApp;
			sourceTree = "<group>";
		};
		3B56044A203E61DB00CA1712 /* Controller */ = {
			isa = PBXGroup;
			children = (
				3B56043A203E618D00CA1712 /* MapViewController.swift */,
			);
			path = Controller;
			sourceTree = "<group>";
		};
		3B56044B203E61EB00CA1712 /* View */ = {
			isa = PBXGroup;
			children = (
			);
			path = View;
			sourceTree = "<group>";
		};
		3B56044C203E61F200CA1712 /* Extensions */ = {
			isa = PBXGroup;
			children = (
			);
			path = Extensions;
			sourceTree = "<group>";
		};
		3B56044D203E620300CA1712 /* Utilities */ = {
			isa = PBXGroup;
			children = (
			);
			path = Utilities;
			sourceTree = "<group>";
		};
/* End PBXGroup section */

/* Begin PBXNativeTarget section */
		3B560434203E618C00CA1712 /* PixelCityApp */ = {
			isa = PBXNativeTarget;
			buildConfigurationList = 3B560447203E618D00CA1712 /* Build configuration list for PBXNativeTarget "PixelCityApp" */;
			buildPhases = (
				45AE32AF457BF261C4DF13FC /* [CP] Check Pods Manifest.lock */,
				3B560431203E618C00CA1712 /* Sources */,
				3B560432203E618C00CA1712 /* Frameworks */,
				3B560433203E618C00CA1712 /* Resources */,
				3548CD7F80541F956282F82D /* [CP] Embed Pods Frameworks */,
				0D5E243CAAE5BB2BB2D8349C /* [CP] Copy Pods Resources */,
			);
			buildRules = (
			);
			dependencies = (
			);
			name = PixelCityApp;
			productName = PixelCityApp;
			productReference = 3B560435203E618C00CA1712 /* PixelCityApp.app */;
			productType = "com.apple.product-type.application";
		};
/* End PBXNativeTarget section */

/* Begin PBXProject section */
		3B56042D203E618C00CA1712 /* Project object */ = {
			isa = PBXProject;
			attributes = {
				LastSwiftUpdateCheck = 0920;
				LastUpgradeCheck = 0920;
				ORGANIZATIONNAME = "Sonali Patel";
				TargetAttributes = {
					3B560434203E618C00CA1712 = {
						CreatedOnToolsVersion = 9.2;
						ProvisioningStyle = Automatic;
					};
				};
			};
			buildConfigurationList = 3B560430203E618C00CA1712 /* Build configuration list for PBXProject "PixelCityApp" */;
			compatibilityVersion = "Xcode 8.0";
			developmentRegion = en;
			hasScannedForEncodings = 0;
			knownRegions = (
				en,
				Base,
			);
			mainGroup = 3B56042C203E618C00CA1712;
			productRefGroup = 3B560436203E618C00CA1712 /* Products */;
			projectDirPath = "";
			projectRoot = "";
			targets = (
				3B560434203E618C00CA1712 /* PixelCityApp */,
			);
		};
/* End PBXProject section */

/* Begin PBXResourcesBuildPhase section */
		3B560433203E618C00CA1712 /* Resources */ = {
			isa = PBXResourcesBuildPhase;
			buildActionMask = 2147483647;
			files = (
				3B560443203E618D00CA1712 /* LaunchScreen.storyboard in Resources */,
				3B560440203E618D00CA1712 /* Assets.xcassets in Resources */,
				3B56043E203E618D00CA1712 /* Main.storyboard in Resources */,
			);
			runOnlyForDeploymentPostprocessing = 0;
		};
/* End PBXResourcesBuildPhase section */

/* Begin PBXShellScriptBuildPhase section */
		0D5E243CAAE5BB2BB2D8349C /* [CP] Copy Pods Resources */ = {
			isa = PBXShellScriptBuildPhase;
			buildActionMask = 2147483647;
			files = (
			);
			inputPaths = (
			);
			name = "[CP] Copy Pods Resources";
			outputPaths = (
			);
			runOnlyForDeploymentPostprocessing = 0;
			shellPath = /bin/sh;
			shellScript = "\"${SRCROOT}/Pods/Target Support Files/Pods-PixelCityApp/Pods-PixelCityApp-resources.sh\"\n";
			showEnvVarsInLog = 0;
		};
		3548CD7F80541F956282F82D /* [CP] Embed Pods Frameworks */ = {
			isa = PBXShellScriptBuildPhase;
			buildActionMask = 2147483647;
			files = (
			);
			inputPaths = (
				"${SRCROOT}/Pods/Target Support Files/Pods-PixelCityApp/Pods-PixelCityApp-frameworks.sh",
				"${BUILT_PRODUCTS_DIR}/Alamofire/Alamofire.framework",
				"${BUILT_PRODUCTS_DIR}/AlamofireImage/AlamofireImage.framework",
			);
			name = "[CP] Embed Pods Frameworks";
			outputPaths = (
				"${TARGET_BUILD_DIR}/${FRAMEWORKS_FOLDER_PATH}/Alamofire.framework",
				"${TARGET_BUILD_DIR}/${FRAMEWORKS_FOLDER_PATH}/AlamofireImage.framework",
			);
			runOnlyForDeploymentPostprocessing = 0;
			shellPath = /bin/sh;
			shellScript = "\"${SRCROOT}/Pods/Target Support Files/Pods-PixelCityApp/Pods-PixelCityApp-frameworks.sh\"\n";
			showEnvVarsInLog = 0;
		};
		45AE32AF457BF261C4DF13FC /* [CP] Check Pods Manifest.lock */ = {
			isa = PBXShellScriptBuildPhase;
			buildActionMask = 2147483647;
			files = (
			);
			inputPaths = (
				"${PODS_PODFILE_DIR_PATH}/Podfile.lock",
				"${PODS_ROOT}/Manifest.lock",
			);
			name = "[CP] Check Pods Manifest.lock";
			outputPaths = (
				"$(DERIVED_FILE_DIR)/Pods-PixelCityApp-checkManifestLockResult.txt",
			);
			runOnlyForDeploymentPostprocessing = 0;
			shellPath = /bin/sh;
			shellScript = "diff \"${PODS_PODFILE_DIR_PATH}/Podfile.lock\" \"${PODS_ROOT}/Manifest.lock\" > /dev/null\nif [ $? != 0 ] ; then\n    # print error to STDERR\n    echo \"error: The sandbox is not in sync with the Podfile.lock. Run 'pod install' or update your CocoaPods installation.\" >&2\n    exit 1\nfi\n# This output is used by Xcode 'outputs' to avoid re-running this script phase.\necho \"SUCCESS\" > \"${SCRIPT_OUTPUT_FILE_0}\"\n";
			showEnvVarsInLog = 0;
		};
/* End PBXShellScriptBuildPhase section */

/* Begin PBXSourcesBuildPhase section */
		3B560431203E618C00CA1712 /* Sources */ = {
			isa = PBXSourcesBuildPhase;
			buildActionMask = 2147483647;
			files = (
				3B56043B203E618D00CA1712 /* MapViewController.swift in Sources */,
				3B560439203E618C00CA1712 /* AppDelegate.swift in Sources */,
			);
			runOnlyForDeploymentPostprocessing = 0;
		};
/* End PBXSourcesBuildPhase section */

/* Begin PBXVariantGroup section */
		3B56043C203E618D00CA1712 /* Main.storyboard */ = {
			isa = PBXVariantGroup;
			children = (
				3B56043D203E618D00CA1712 /* Base */,
			);
			name = Main.storyboard;
			sourceTree = "<group>";
		};
		3B560441203E618D00CA1712 /* LaunchScreen.storyboard */ = {
			isa = PBXVariantGroup;
			children = (
				3B560442203E618D00CA1712 /* Base */,
			);
			name = LaunchScreen.storyboard;
			sourceTree = "<group>";
		};
/* End PBXVariantGroup section */

/* Begin XCBuildConfiguration section */
		3B560445203E618D00CA1712 /* Debug */ = {
			isa = XCBuildConfiguration;
			buildSettings = {
				ALWAYS_SEARCH_USER_PATHS = NO;
				CLANG_ANALYZER_NONNULL = YES;
				CLANG_ANALYZER_NUMBER_OBJECT_CONVERSION = YES_AGGRESSIVE;
				CLANG_CXX_LANGUAGE_STANDARD = "gnu++14";
				CLANG_CXX_LIBRARY = "libc++";
				CLANG_ENABLE_MODULES = YES;
				CLANG_ENABLE_OBJC_ARC = YES;
				CLANG_WARN_BLOCK_CAPTURE_AUTORELEASING = YES;
				CLANG_WARN_BOOL_CONVERSION = YES;
				CLANG_WARN_COMMA = YES;
				CLANG_WARN_CONSTANT_CONVERSION = YES;
				CLANG_WARN_DIRECT_OBJC_ISA_USAGE = YES_ERROR;
				CLANG_WARN_DOCUMENTATION_COMMENTS = YES;
				CLANG_WARN_EMPTY_BODY = YES;
				CLANG_WARN_ENUM_CONVERSION = YES;
				CLANG_WARN_INFINITE_RECURSION = YES;
				CLANG_WARN_INT_CONVERSION = YES;
				CLANG_WARN_NON_LITERAL_NULL_CONVERSION = YES;
				CLANG_WARN_OBJC_LITERAL_CONVERSION = YES;
				CLANG_WARN_OBJC_ROOT_CLASS = YES_ERROR;
				CLANG_WARN_RANGE_LOOP_ANALYSIS = YES;
				CLANG_WARN_STRICT_PROTOTYPES = YES;
				CLANG_WARN_SUSPICIOUS_MOVE = YES;
				CLANG_WARN_UNGUARDED_AVAILABILITY = YES_AGGRESSIVE;
				CLANG_WARN_UNREACHABLE_CODE = YES;
				CLANG_WARN__DUPLICATE_METHOD_MATCH = YES;
				CODE_SIGN_IDENTITY = "iPhone Developer";
				COPY_PHASE_STRIP = NO;
				DEBUG_INFORMATION_FORMAT = dwarf;
				ENABLE_STRICT_OBJC_MSGSEND = YES;
				ENABLE_TESTABILITY = YES;
				GCC_C_LANGUAGE_STANDARD = gnu11;
				GCC_DYNAMIC_NO_PIC = NO;
				GCC_NO_COMMON_BLOCKS = YES;
				GCC_OPTIMIZATION_LEVEL = 0;
				GCC_PREPROCESSOR_DEFINITIONS = (
					"DEBUG=1",
					"$(inherited)",
				);
				GCC_WARN_64_TO_32_BIT_CONVERSION = YES;
				GCC_WARN_ABOUT_RETURN_TYPE = YES_ERROR;
				GCC_WARN_UNDECLARED_SELECTOR = YES;
				GCC_WARN_UNINITIALIZED_AUTOS = YES_AGGRESSIVE;
				GCC_WARN_UNUSED_FUNCTION = YES;
				GCC_WARN_UNUSED_VARIABLE = YES;
				IPHONEOS_DEPLOYMENT_TARGET = 11.2;
				MTL_ENABLE_DEBUG_INFO = YES;
				ONLY_ACTIVE_ARCH = YES;
				SDKROOT = iphoneos;
				SWIFT_ACTIVE_COMPILATION_CONDITIONS = DEBUG;
				SWIFT_OPTIMIZATION_LEVEL = "-Onone";
			};
			name = Debug;
		};
		3B560446203E618D00CA1712 /* Release */ = {
			isa = XCBuildConfiguration;
			buildSettings = {
				ALWAYS_SEARCH_USER_PATHS = NO;
				CLANG_ANALYZER_NONNULL = YES;
				CLANG_ANALYZER_NUMBER_OBJECT_CONVERSION = YES_AGGRESSIVE;
				CLANG_CXX_LANGUAGE_STANDARD = "gnu++14";
				CLANG_CXX_LIBRARY = "libc++";
				CLANG_ENABLE_MODULES = YES;
				CLANG_ENABLE_OBJC_ARC = YES;
				CLANG_WARN_BLOCK_CAPTURE_AUTORELEASING = YES;
				CLANG_WARN_BOOL_CONVERSION = YES;
				CLANG_WARN_COMMA = YES;
				CLANG_WARN_CONSTANT_CONVERSION = YES;
				CLANG_WARN_DIRECT_OBJC_ISA_USAGE = YES_ERROR;
				CLANG_WARN_DOCUMENTATION_COMMENTS = YES;
				CLANG_WARN_EMPTY_BODY = YES;
				CLANG_WARN_ENUM_CONVERSION = YES;
				CLANG_WARN_INFINITE_RECURSION = YES;
				CLANG_WARN_INT_CONVERSION = YES;
				CLANG_WARN_NON_LITERAL_NULL_CONVERSION = YES;
				CLANG_WARN_OBJC_LITERAL_CONVERSION = YES;
				CLANG_WARN_OBJC_ROOT_CLASS = YES_ERROR;
				CLANG_WARN_RANGE_LOOP_ANALYSIS = YES;
				CLANG_WARN_STRICT_PROTOTYPES = YES;
				CLANG_WARN_SUSPICIOUS_MOVE = YES;
				CLANG_WARN_UNGUARDED_AVAILABILITY = YES_AGGRESSIVE;
				CLANG_WARN_UNREACHABLE_CODE = YES;
				CLANG_WARN__DUPLICATE_METHOD_MATCH = YES;
				CODE_SIGN_IDENTITY = "iPhone Developer";
				COPY_PHASE_STRIP = NO;
				DEBUG_INFORMATION_FORMAT = "dwarf-with-dsym";
				ENABLE_NS_ASSERTIONS = NO;
				ENABLE_STRICT_OBJC_MSGSEND = YES;
				GCC_C_LANGUAGE_STANDARD = gnu11;
				GCC_NO_COMMON_BLOCKS = YES;
				GCC_WARN_64_TO_32_BIT_CONVERSION = YES;
				GCC_WARN_ABOUT_RETURN_TYPE = YES_ERROR;
				GCC_WARN_UNDECLARED_SELECTOR = YES;
				GCC_WARN_UNINITIALIZED_AUTOS = YES_AGGRESSIVE;
				GCC_WARN_UNUSED_FUNCTION = YES;
				GCC_WARN_UNUSED_VARIABLE = YES;
				IPHONEOS_DEPLOYMENT_TARGET = 11.2;
				MTL_ENABLE_DEBUG_INFO = NO;
				SDKROOT = iphoneos;
				SWIFT_OPTIMIZATION_LEVEL = "-Owholemodule";
				VALIDATE_PRODUCT = YES;
			};
			name = Release;
		};
		3B560448203E618D00CA1712 /* Debug */ = {
			isa = XCBuildConfiguration;
			baseConfigurationReference = D16D1079C9A96B8D9B8C7DC1 /* Pods-PixelCityApp.debug.xcconfig */;
			buildSettings = {
				ASSETCATALOG_COMPILER_APPICON_NAME = AppIcon;
				CODE_SIGN_STYLE = Automatic;
				DEVELOPMENT_TEAM = 9TAUJ4K4VL;
				INFOPLIST_FILE = PixelCityApp/Info.plist;
				LD_RUNPATH_SEARCH_PATHS = "$(inherited) @executable_path/Frameworks";
				PRODUCT_BUNDLE_IDENTIFIER = edu.self.developer.sonali.PixelCityApp;
				PRODUCT_NAME = "$(TARGET_NAME)";
				SWIFT_VERSION = 4.0;
				TARGETED_DEVICE_FAMILY = "1,2";
			};
			name = Debug;
		};
		3B560449203E618D00CA1712 /* Release */ = {
			isa = XCBuildConfiguration;
			baseConfigurationReference = 65793B9C2F19D08A65F2E1FE /* Pods-PixelCityApp.release.xcconfig */;
			buildSettings = {
				ASSETCATALOG_COMPILER_APPICON_NAME = AppIcon;
				CODE_SIGN_STYLE = Automatic;
				DEVELOPMENT_TEAM = 9TAUJ4K4VL;
				INFOPLIST_FILE = PixelCityApp/Info.plist;
				LD_RUNPATH_SEARCH_PATHS = "$(inherited) @executable_path/Frameworks";
				PRODUCT_BUNDLE_IDENTIFIER = edu.self.developer.sonali.PixelCityApp;
				PRODUCT_NAME = "$(TARGET_NAME)";
				SWIFT_VERSION = 4.0;
				TARGETED_DEVICE_FAMILY = "1,2";
			};
			name = Release;
		};
/* End XCBuildConfiguration section */

/* Begin XCConfigurationList section */
		3B560430203E618C00CA1712 /* Build configuration list for PBXProject "PixelCityApp" */ = {
			isa = XCConfigurationList;
			buildConfigurations = (
				3B560445203E618D00CA1712 /* Debug */,
				3B560446203E618D00CA1712 /* Release */,
			);
			defaultConfigurationIsVisible = 0;
			defaultConfigurationName = Release;
		};
		3B560447203E618D00CA1712 /* Build configuration list for PBXNativeTarget "PixelCityApp" */ = {
			isa = XCConfigurationList;
			buildConfigurations = (
				3B560448203E618D00CA1712 /* Debug */,
				3B560449203E618D00CA1712 /* Release */,
			);
			defaultConfigurationIsVisible = 0;
			defaultConfigurationName = Release;
		};
/* End XCConfigurationList section */
	};
	rootObject = 3B56042D203E618C00CA1712 /* Project object */;
}
